
Microsoft Visual Studio Solution File, Format Version 12.00
# Visual Studio Version 16
VisualStudioVersion = 16.0.30011.22
MinimumVisualStudioVersion = 10.0.40219.1
Project("{9A19103F-16F7-4668-BE54-9A1E7A4F7556}") = "Patterns.Strategy", "Strategy\Patterns.Strategy.csproj", "{16D35224-31BB-4444-A595-B94C31218E5F}"
EndProject
Project("{9A19103F-16F7-4668-BE54-9A1E7A4F7556}") = "Patterns.Strategy.Tests", "Strategy.Test\Patterns.Strategy.Tests.csproj", "{2A2B6AEF-0A2F-434E-8805-16B28E5D31B4}"
EndProject
Project("{2150E333-8FDC-42A3-9474-1A3956D46DE8}") = "0. Solution Items", "0. Solution Items", "{00E89A1E-5CD3-4207-AD9E-597F7D8DF5D7}"
	ProjectSection(SolutionItems) = preProject
		readme.md = readme.md
	EndProjectSection
EndProject
Project("{9A19103F-16F7-4668-BE54-9A1E7A4F7556}") = "Patterns.Decorator", "Patterns.Decorator\Patterns.Decorator.csproj", "{FDE538A9-22EA-4C58-BE37-0F1AC6A7C1C8}"
EndProject
Project("{9A19103F-16F7-4668-BE54-9A1E7A4F7556}") = "Patterns.Decorator.Tests", "Patterns.Decorator.Tests\Patterns.Decorator.Tests.csproj", "{B92D42D5-614A-4D3F-9994-A8A9B1F04586}"
EndProject
Project("{2150E333-8FDC-42A3-9474-1A3956D46DE8}") = "3. Structoral", "3. Structoral", "{7902ADDA-5124-4EF0-B405-2D8CA499A77B}"
EndProject
Project("{2150E333-8FDC-42A3-9474-1A3956D46DE8}") = "2. Behavioral", "2. Behavioral", "{1F12B89E-38C5-4224-A7BD-E2906A8E27F3}"
EndProject
Project("{9A19103F-16F7-4668-BE54-9A1E7A4F7556}") = "Patterns.Observer", "Patterns.Observer\Patterns.Observer.csproj", "{BDEF16FB-8B13-4CB9-A83F-21450C9BFD00}"
EndProject
Project("{9A19103F-16F7-4668-BE54-9A1E7A4F7556}") = "Patterns.Observer.Tests", "Patterns.Observer.Tests\Patterns.Observer.Tests.csproj", "{3DD25BD7-D60A-43BA-A42B-96149FCE2AD8}"
EndProject
Project("{2150E333-8FDC-42A3-9474-1A3956D46DE8}") = "1. Shared", "1. Shared", "{45C2F15B-A3D9-47BA-BC56-B7993DD9A6A4}"
EndProject
Project("{9A19103F-16F7-4668-BE54-9A1E7A4F7556}") = "Patterns.Common", "Patterns.Core\Patterns.Common.csproj", "{59FBE146-D8D1-410B-9FF1-EC89B35E6861}"
EndProject
Project("{9A19103F-16F7-4668-BE54-9A1E7A4F7556}") = "Patterns.Factory", "Patterns.Factory\Patterns.Factory.csproj", "{AE2FFD59-BD26-4FAD-8505-5B202BECADFE}"
EndProject
Project("{9A19103F-16F7-4668-BE54-9A1E7A4F7556}") = "Patterns.Factory.Tests", "Patterns.Factory.Tests\Patterns.Factory.Tests.csproj", "{61944E75-7681-4E21-B2B2-87531D836F8F}"
EndProject
Project("{9A19103F-16F7-4668-BE54-9A1E7A4F7556}") = "Patterns.Decorator.Repository", "Patterns.Decorator.Repository\Patterns.Decorator.Repository.csproj", "{7A594913-1B11-4B2D-8933-809D9CC3FDDB}"
EndProject
Project("{9A19103F-16F7-4668-BE54-9A1E7A4F7556}") = "Patterns.Decorator.CQRS", "Patterns.Decorator.CQRS\Patterns.Decorator.CQRS.csproj", "{7748F8BA-D24A-40C7-BEDE-0A0F75590F17}"
EndProject
Project("{9A19103F-16F7-4668-BE54-9A1E7A4F7556}") = "Patterns.Adapter", "Patterns.Adapter\Patterns.Adapter.csproj", "{5DF3EABF-F6EE-4129-A8F1-221D2E193E9C}"
EndProject
Project("{2150E333-8FDC-42A3-9474-1A3956D46DE8}") = "4. Creational", "4. Creational", "{93299667-8955-4D14-8ECD-127B16189BAF}"
EndProject
Project("{9A19103F-16F7-4668-BE54-9A1E7A4F7556}") = "Patterns.Singleton", "Patterns.Singleton\Patterns.Singleton.csproj", "{0B731A54-C983-4319-A8D9-7A72752A1D27}"
EndProject
Project("{9A19103F-16F7-4668-BE54-9A1E7A4F7556}") = "Patterns.Builder", "Patterns.Builder\Patterns.Builder.csproj", "{D6267D0E-06B2-43A2-82BB-B0F69D34FB34}"
EndProject
Project("{9A19103F-16F7-4668-BE54-9A1E7A4F7556}") = "Patterns.Prototype", "Patterns.Prototype\Patterns.Prototype.csproj", "{C84E42D9-E998-41FC-83AB-656D2A75BB38}"
EndProject
Project("{9A19103F-16F7-4668-BE54-9A1E7A4F7556}") = "Patterns.Specification", "Patterns.Specification\Patterns.Specification.csproj", "{5A3F6E99-AAD8-43B6-ACEB-5692E459B7D3}"
EndProject
Global
	GlobalSection(SolutionConfigurationPlatforms) = preSolution
		Debug|Any CPU = Debug|Any CPU
		Release|Any CPU = Release|Any CPU
	EndGlobalSection
	GlobalSection(ProjectConfigurationPlatforms) = postSolution
		{16D35224-31BB-4444-A595-B94C31218E5F}.Debug|Any CPU.ActiveCfg = Debug|Any CPU
		{16D35224-31BB-4444-A595-B94C31218E5F}.Debug|Any CPU.Build.0 = Debug|Any CPU
		{16D35224-31BB-4444-A595-B94C31218E5F}.Release|Any CPU.ActiveCfg = Release|Any CPU
		{16D35224-31BB-4444-A595-B94C31218E5F}.Release|Any CPU.Build.0 = Release|Any CPU
		{2A2B6AEF-0A2F-434E-8805-16B28E5D31B4}.Debug|Any CPU.ActiveCfg = Debug|Any CPU
		{2A2B6AEF-0A2F-434E-8805-16B28E5D31B4}.Debug|Any CPU.Build.0 = Debug|Any CPU
		{2A2B6AEF-0A2F-434E-8805-16B28E5D31B4}.Release|Any CPU.ActiveCfg = Release|Any CPU
		{2A2B6AEF-0A2F-434E-8805-16B28E5D31B4}.Release|Any CPU.Build.0 = Release|Any CPU
		{FDE538A9-22EA-4C58-BE37-0F1AC6A7C1C8}.Debug|Any CPU.ActiveCfg = Debug|Any CPU
		{FDE538A9-22EA-4C58-BE37-0F1AC6A7C1C8}.Debug|Any CPU.Build.0 = Debug|Any CPU
		{FDE538A9-22EA-4C58-BE37-0F1AC6A7C1C8}.Release|Any CPU.ActiveCfg = Release|Any CPU
		{FDE538A9-22EA-4C58-BE37-0F1AC6A7C1C8}.Release|Any CPU.Build.0 = Release|Any CPU
		{B92D42D5-614A-4D3F-9994-A8A9B1F04586}.Debug|Any CPU.ActiveCfg = Debug|Any CPU
		{B92D42D5-614A-4D3F-9994-A8A9B1F04586}.Debug|Any CPU.Build.0 = Debug|Any CPU
		{B92D42D5-614A-4D3F-9994-A8A9B1F04586}.Release|Any CPU.ActiveCfg = Release|Any CPU
		{B92D42D5-614A-4D3F-9994-A8A9B1F04586}.Release|Any CPU.Build.0 = Release|Any CPU
		{BDEF16FB-8B13-4CB9-A83F-21450C9BFD00}.Debug|Any CPU.ActiveCfg = Debug|Any CPU
		{BDEF16FB-8B13-4CB9-A83F-21450C9BFD00}.Debug|Any CPU.Build.0 = Debug|Any CPU
		{BDEF16FB-8B13-4CB9-A83F-21450C9BFD00}.Release|Any CPU.ActiveCfg = Release|Any CPU
		{BDEF16FB-8B13-4CB9-A83F-21450C9BFD00}.Release|Any CPU.Build.0 = Release|Any CPU
		{3DD25BD7-D60A-43BA-A42B-96149FCE2AD8}.Debug|Any CPU.ActiveCfg = Debug|Any CPU
		{3DD25BD7-D60A-43BA-A42B-96149FCE2AD8}.Debug|Any CPU.Build.0 = Debug|Any CPU
		{3DD25BD7-D60A-43BA-A42B-96149FCE2AD8}.Release|Any CPU.ActiveCfg = Release|Any CPU
		{3DD25BD7-D60A-43BA-A42B-96149FCE2AD8}.Release|Any CPU.Build.0 = Release|Any CPU
		{59FBE146-D8D1-410B-9FF1-EC89B35E6861}.Debug|Any CPU.ActiveCfg = Debug|Any CPU
		{59FBE146-D8D1-410B-9FF1-EC89B35E6861}.Debug|Any CPU.Build.0 = Debug|Any CPU
		{59FBE146-D8D1-410B-9FF1-EC89B35E6861}.Release|Any CPU.ActiveCfg = Release|Any CPU
		{59FBE146-D8D1-410B-9FF1-EC89B35E6861}.Release|Any CPU.Build.0 = Release|Any CPU
		{AE2FFD59-BD26-4FAD-8505-5B202BECADFE}.Debug|Any CPU.ActiveCfg = Debug|Any CPU
		{AE2FFD59-BD26-4FAD-8505-5B202BECADFE}.Debug|Any CPU.Build.0 = Debug|Any CPU
		{AE2FFD59-BD26-4FAD-8505-5B202BECADFE}.Release|Any CPU.ActiveCfg = Release|Any CPU
		{AE2FFD59-BD26-4FAD-8505-5B202BECADFE}.Release|Any CPU.Build.0 = Release|Any CPU
		{61944E75-7681-4E21-B2B2-87531D836F8F}.Debug|Any CPU.ActiveCfg = Debug|Any CPU
		{61944E75-7681-4E21-B2B2-87531D836F8F}.Debug|Any CPU.Build.0 = Debug|Any CPU
		{61944E75-7681-4E21-B2B2-87531D836F8F}.Release|Any CPU.ActiveCfg = Release|Any CPU
		{61944E75-7681-4E21-B2B2-87531D836F8F}.Release|Any CPU.Build.0 = Release|Any CPU
		{7A594913-1B11-4B2D-8933-809D9CC3FDDB}.Debug|Any CPU.ActiveCfg = Debug|Any CPU
		{7A594913-1B11-4B2D-8933-809D9CC3FDDB}.Debug|Any CPU.Build.0 = Debug|Any CPU
		{7A594913-1B11-4B2D-8933-809D9CC3FDDB}.Release|Any CPU.ActiveCfg = Release|Any CPU
		{7A594913-1B11-4B2D-8933-809D9CC3FDDB}.Release|Any CPU.Build.0 = Release|Any CPU
		{7748F8BA-D24A-40C7-BEDE-0A0F75590F17}.Debug|Any CPU.ActiveCfg = Debug|Any CPU
		{7748F8BA-D24A-40C7-BEDE-0A0F75590F17}.Debug|Any CPU.Build.0 = Debug|Any CPU
		{7748F8BA-D24A-40C7-BEDE-0A0F75590F17}.Release|Any CPU.ActiveCfg = Release|Any CPU
		{7748F8BA-D24A-40C7-BEDE-0A0F75590F17}.Release|Any CPU.Build.0 = Release|Any CPU
		{5DF3EABF-F6EE-4129-A8F1-221D2E193E9C}.Debug|Any CPU.ActiveCfg = Debug|Any CPU
		{5DF3EABF-F6EE-4129-A8F1-221D2E193E9C}.Debug|Any CPU.Build.0 = Debug|Any CPU
		{5DF3EABF-F6EE-4129-A8F1-221D2E193E9C}.Release|Any CPU.ActiveCfg = Release|Any CPU
		{5DF3EABF-F6EE-4129-A8F1-221D2E193E9C}.Release|Any CPU.Build.0 = Release|Any CPU
		{0B731A54-C983-4319-A8D9-7A72752A1D27}.Debug|Any CPU.ActiveCfg = Debug|Any CPU
		{0B731A54-C983-4319-A8D9-7A72752A1D27}.Debug|Any CPU.Build.0 = Debug|Any CPU
		{0B731A54-C983-4319-A8D9-7A72752A1D27}.Release|Any CPU.ActiveCfg = Release|Any CPU
		{0B731A54-C983-4319-A8D9-7A72752A1D27}.Release|Any CPU.Build.0 = Release|Any CPU
		{D6267D0E-06B2-43A2-82BB-B0F69D34FB34}.Debug|Any CPU.ActiveCfg = Debug|Any CPU
		{D6267D0E-06B2-43A2-82BB-B0F69D34FB34}.Debug|Any CPU.Build.0 = Debug|Any CPU
		{D6267D0E-06B2-43A2-82BB-B0F69D34FB34}.Release|Any CPU.ActiveCfg = Release|Any CPU
		{D6267D0E-06B2-43A2-82BB-B0F69D34FB34}.Release|Any CPU.Build.0 = Release|Any CPU
		{C84E42D9-E998-41FC-83AB-656D2A75BB38}.Debug|Any CPU.ActiveCfg = Debug|Any CPU
		{C84E42D9-E998-41FC-83AB-656D2A75BB38}.Debug|Any CPU.Build.0 = Debug|Any CPU
		{C84E42D9-E998-41FC-83AB-656D2A75BB38}.Release|Any CPU.ActiveCfg = Release|Any CPU
		{C84E42D9-E998-41FC-83AB-656D2A75BB38}.Release|Any CPU.Build.0 = Release|Any CPU
		{5A3F6E99-AAD8-43B6-ACEB-5692E459B7D3}.Debug|Any CPU.ActiveCfg = Debug|Any CPU
		{5A3F6E99-AAD8-43B6-ACEB-5692E459B7D3}.Debug|Any CPU.Build.0 = Debug|Any CPU
		{5A3F6E99-AAD8-43B6-ACEB-5692E459B7D3}.Release|Any CPU.ActiveCfg = Release|Any CPU
		{5A3F6E99-AAD8-43B6-ACEB-5692E459B7D3}.Release|Any CPU.Build.0 = Release|Any CPU
	EndGlobalSection
	GlobalSection(SolutionProperties) = preSolution
		HideSolutionNode = FALSE
	EndGlobalSection
	GlobalSection(NestedProjects) = preSolution
		{16D35224-31BB-4444-A595-B94C31218E5F} = {1F12B89E-38C5-4224-A7BD-E2906A8E27F3}
		{2A2B6AEF-0A2F-434E-8805-16B28E5D31B4} = {1F12B89E-38C5-4224-A7BD-E2906A8E27F3}
		{FDE538A9-22EA-4C58-BE37-0F1AC6A7C1C8} = {7902ADDA-5124-4EF0-B405-2D8CA499A77B}
		{B92D42D5-614A-4D3F-9994-A8A9B1F04586} = {7902ADDA-5124-4EF0-B405-2D8CA499A77B}
		{BDEF16FB-8B13-4CB9-A83F-21450C9BFD00} = {1F12B89E-38C5-4224-A7BD-E2906A8E27F3}
		{3DD25BD7-D60A-43BA-A42B-96149FCE2AD8} = {1F12B89E-38C5-4224-A7BD-E2906A8E27F3}
		{59FBE146-D8D1-410B-9FF1-EC89B35E6861} = {45C2F15B-A3D9-47BA-BC56-B7993DD9A6A4}
		{AE2FFD59-BD26-4FAD-8505-5B202BECADFE} = {93299667-8955-4D14-8ECD-127B16189BAF}
		{61944E75-7681-4E21-B2B2-87531D836F8F} = {93299667-8955-4D14-8ECD-127B16189BAF}
		{7A594913-1B11-4B2D-8933-809D9CC3FDDB} = {7902ADDA-5124-4EF0-B405-2D8CA499A77B}
		{7748F8BA-D24A-40C7-BEDE-0A0F75590F17} = {7902ADDA-5124-4EF0-B405-2D8CA499A77B}
		{5DF3EABF-F6EE-4129-A8F1-221D2E193E9C} = {7902ADDA-5124-4EF0-B405-2D8CA499A77B}
		{0B731A54-C983-4319-A8D9-7A72752A1D27} = {93299667-8955-4D14-8ECD-127B16189BAF}
		{D6267D0E-06B2-43A2-82BB-B0F69D34FB34} = {93299667-8955-4D14-8ECD-127B16189BAF}
		{C84E42D9-E998-41FC-83AB-656D2A75BB38} = {93299667-8955-4D14-8ECD-127B16189BAF}
		{5A3F6E99-AAD8-43B6-ACEB-5692E459B7D3} = {7902ADDA-5124-4EF0-B405-2D8CA499A77B}
	EndGlobalSection
	GlobalSection(ExtensibilityGlobals) = postSolution
		SolutionGuid = {354BE757-E7E4-4D2C-A2BF-72DFC02D293C}
	EndGlobalSection
EndGlobal
